
Microsoft Visual Studio Solution File, Format Version 12.00
# Visual Studio 15
VisualStudioVersion = 15.0.28010.0
MinimumVisualStudioVersion = 10.0.40219.1
Project("{FAE04EC0-301F-11D3-BF4B-00C04F79EFBC}") = "AnimateListView.Shared", "AnimateListView.Shared\AnimateListView.Shared.csproj", "{CC63C6E3-ED1D-4898-AA65-59D25E8D2F88}"
EndProject
Project("{FAE04EC0-301F-11D3-BF4B-00C04F79EFBC}") = "AnimateListView.iOS", "AnimateListView.iOS\AnimateListView.iOS.csproj", "{E71F3053-056C-4381-9638-048ED73BDFF6}"
EndProject
Project("{FAE04EC0-301F-11D3-BF4B-00C04F79EFBC}") = "AnimateListView.Droid", "AnimateListView.Droid\AnimateListView.Droid.csproj", "{0B9A9778-4629-4FB7-BA1D-AC24AA5E5811}"
EndProject
Project("{2150E333-8FDC-42A3-9474-1A3956D46DE8}") = "Examples", "Examples", "{F4269D39-C8CD-4865-868D-4A8115F280F4}"
EndProject
Project("{2150E333-8FDC-42A3-9474-1A3956D46DE8}") = "Src", "Src", "{AD86A1C7-D97E-4C44-ACC2-656E7648113F}"
EndProject
Project("{FAE04EC0-301F-11D3-BF4B-00C04F79EFBC}") = "ExampleApp.Android", "..\Example\ExampleApp.Android\ExampleApp.Android.csproj", "{BD4F1B28-E9EA-4990-BF44-DC3905E9C9E9}"
EndProject
Project("{FAE04EC0-301F-11D3-BF4B-00C04F79EFBC}") = "ExampleApp.iOS", "..\Example\ExampleApp.iOS\ExampleApp.iOS.csproj", "{8F6B7FF3-D1DD-4A9D-ABC5-A48CD3AED98C}"
EndProject
Project("{FAE04EC0-301F-11D3-BF4B-00C04F79EFBC}") = "ExampleApp", "..\Example\ExampleApp\ExampleApp.csproj", "{104852E5-AEB9-47D0-8E8A-389FF27C15CD}"
EndProject
Global
	GlobalSection(SolutionConfigurationPlatforms) = preSolution
		Debug|Any CPU = Debug|Any CPU
		Release|Any CPU = Release|Any CPU
		Debug|iPhoneSimulator = Debug|iPhoneSimulator
		Release|iPhoneSimulator = Release|iPhoneSimulator
		Debug|iPhone = Debug|iPhone
		Release|iPhone = Release|iPhone
		Ad-Hoc|iPhone = Ad-Hoc|iPhone
		AppStore|iPhone = AppStore|iPhone
	EndGlobalSection
	GlobalSection(ProjectConfigurationPlatforms) = postSolution
		{CC63C6E3-ED1D-4898-AA65-59D25E8D2F88}.Debug|Any CPU.ActiveCfg = Debug|Any CPU
		{CC63C6E3-ED1D-4898-AA65-59D25E8D2F88}.Debug|Any CPU.Build.0 = Debug|Any CPU
		{CC63C6E3-ED1D-4898-AA65-59D25E8D2F88}.Release|Any CPU.ActiveCfg = Release|Any CPU
		{CC63C6E3-ED1D-4898-AA65-59D25E8D2F88}.Release|Any CPU.Build.0 = Release|Any CPU
		{CC63C6E3-ED1D-4898-AA65-59D25E8D2F88}.Debug|iPhoneSimulator.ActiveCfg = Debug|Any CPU
		{CC63C6E3-ED1D-4898-AA65-59D25E8D2F88}.Debug|iPhoneSimulator.Build.0 = Debug|Any CPU
		{CC63C6E3-ED1D-4898-AA65-59D25E8D2F88}.Release|iPhoneSimulator.ActiveCfg = Release|Any CPU
		{CC63C6E3-ED1D-4898-AA65-59D25E8D2F88}.Release|iPhoneSimulator.Build.0 = Release|Any CPU
		{CC63C6E3-ED1D-4898-AA65-59D25E8D2F88}.Debug|iPhone.ActiveCfg = Debug|Any CPU
		{CC63C6E3-ED1D-4898-AA65-59D25E8D2F88}.Debug|iPhone.Build.0 = Debug|Any CPU
		{CC63C6E3-ED1D-4898-AA65-59D25E8D2F88}.Release|iPhone.ActiveCfg = Release|Any CPU
		{CC63C6E3-ED1D-4898-AA65-59D25E8D2F88}.Release|iPhone.Build.0 = Release|Any CPU
		{CC63C6E3-ED1D-4898-AA65-59D25E8D2F88}.Ad-Hoc|iPhone.ActiveCfg = Debug|Any CPU
		{CC63C6E3-ED1D-4898-AA65-59D25E8D2F88}.Ad-Hoc|iPhone.Build.0 = Debug|Any CPU
		{CC63C6E3-ED1D-4898-AA65-59D25E8D2F88}.AppStore|iPhone.ActiveCfg = Debug|Any CPU
		{CC63C6E3-ED1D-4898-AA65-59D25E8D2F88}.AppStore|iPhone.Build.0 = Debug|Any CPU
		{E71F3053-056C-4381-9638-048ED73BDFF6}.Debug|Any CPU.ActiveCfg = Debug|Any CPU
		{E71F3053-056C-4381-9638-048ED73BDFF6}.Release|Any CPU.ActiveCfg = Release|Any CPU
		{E71F3053-056C-4381-9638-048ED73BDFF6}.Debug|iPhoneSimulator.ActiveCfg = Debug|Any CPU
		{E71F3053-056C-4381-9638-048ED73BDFF6}.Debug|iPhoneSimulator.Build.0 = Debug|Any CPU
		{E71F3053-056C-4381-9638-048ED73BDFF6}.Release|iPhoneSimulator.ActiveCfg = Release|Any CPU
		{E71F3053-056C-4381-9638-048ED73BDFF6}.Release|iPhoneSimulator.Build.0 = Release|Any CPU
		{E71F3053-056C-4381-9638-048ED73BDFF6}.Debug|iPhone.ActiveCfg = Debug|Any CPU
		{E71F3053-056C-4381-9638-048ED73BDFF6}.Debug|iPhone.Build.0 = Debug|Any CPU
		{E71F3053-056C-4381-9638-048ED73BDFF6}.Release|iPhone.ActiveCfg = Release|Any CPU
		{E71F3053-056C-4381-9638-048ED73BDFF6}.Release|iPhone.Build.0 = Release|Any CPU
		{E71F3053-056C-4381-9638-048ED73BDFF6}.Ad-Hoc|iPhone.ActiveCfg = Debug|Any CPU
		{E71F3053-056C-4381-9638-048ED73BDFF6}.Ad-Hoc|iPhone.Build.0 = Debug|Any CPU
		{E71F3053-056C-4381-9638-048ED73BDFF6}.AppStore|iPhone.ActiveCfg = Debug|Any CPU
		{E71F3053-056C-4381-9638-048ED73BDFF6}.AppStore|iPhone.Build.0 = Debug|Any CPU
		{0B9A9778-4629-4FB7-BA1D-AC24AA5E5811}.Debug|Any CPU.ActiveCfg = Debug|Any CPU
		{0B9A9778-4629-4FB7-BA1D-AC24AA5E5811}.Debug|Any CPU.Build.0 = Debug|Any CPU
		{0B9A9778-4629-4FB7-BA1D-AC24AA5E5811}.Release|Any CPU.ActiveCfg = Release|Any CPU
		{0B9A9778-4629-4FB7-BA1D-AC24AA5E5811}.Release|Any CPU.Build.0 = Release|Any CPU
		{0B9A9778-4629-4FB7-BA1D-AC24AA5E5811}.Debug|iPhoneSimulator.ActiveCfg = Debug|Any CPU
		{0B9A9778-4629-4FB7-BA1D-AC24AA5E5811}.Release|iPhoneSimulator.ActiveCfg = Release|Any CPU
		{0B9A9778-4629-4FB7-BA1D-AC24AA5E5811}.Debug|iPhone.ActiveCfg = Debug|Any CPU
		{0B9A9778-4629-4FB7-BA1D-AC24AA5E5811}.Release|iPhone.ActiveCfg = Release|Any CPU
		{0B9A9778-4629-4FB7-BA1D-AC24AA5E5811}.Ad-Hoc|iPhone.ActiveCfg = Debug|Any CPU
		{0B9A9778-4629-4FB7-BA1D-AC24AA5E5811}.Ad-Hoc|iPhone.Build.0 = Debug|Any CPU
		{0B9A9778-4629-4FB7-BA1D-AC24AA5E5811}.AppStore|iPhone.ActiveCfg = Debug|Any CPU
		{0B9A9778-4629-4FB7-BA1D-AC24AA5E5811}.AppStore|iPhone.Build.0 = Debug|Any CPU
		{BD4F1B28-E9EA-4990-BF44-DC3905E9C9E9}.Debug|Any CPU.ActiveCfg = Debug|Any CPU
		{BD4F1B28-E9EA-4990-BF44-DC3905E9C9E9}.Debug|Any CPU.Build.0 = Debug|Any CPU
		{BD4F1B28-E9EA-4990-BF44-DC3905E9C9E9}.Release|Any CPU.ActiveCfg = Release|Any CPU
		{BD4F1B28-E9EA-4990-BF44-DC3905E9C9E9}.Release|Any CPU.Build.0 = Release|Any CPU
		{BD4F1B28-E9EA-4990-BF44-DC3905E9C9E9}.Debug|iPhoneSimulator.ActiveCfg = Debug|Any CPU
		{BD4F1B28-E9EA-4990-BF44-DC3905E9C9E9}.Release|iPhoneSimulator.ActiveCfg = Release|Any CPU
		{BD4F1B28-E9EA-4990-BF44-DC3905E9C9E9}.Debug|iPhone.ActiveCfg = Debug|Any CPU
		{BD4F1B28-E9EA-4990-BF44-DC3905E9C9E9}.Release|iPhone.ActiveCfg = Release|Any CPU
		{BD4F1B28-E9EA-4990-BF44-DC3905E9C9E9}.Ad-Hoc|iPhone.ActiveCfg = Debug|Any CPU
		{BD4F1B28-E9EA-4990-BF44-DC3905E9C9E9}.Ad-Hoc|iPhone.Build.0 = Debug|Any CPU
		{BD4F1B28-E9EA-4990-BF44-DC3905E9C9E9}.AppStore|iPhone.ActiveCfg = Debug|Any CPU
		{BD4F1B28-E9EA-4990-BF44-DC3905E9C9E9}.AppStore|iPhone.Build.0 = Debug|Any CPU
		{8F6B7FF3-D1DD-4A9D-ABC5-A48CD3AED98C}.Debug|Any CPU.ActiveCfg = Debug|iPhoneSimulator
		{8F6B7FF3-D1DD-4A9D-ABC5-A48CD3AED98C}.Release|Any CPU.ActiveCfg = Release|iPhoneSimulator
		{8F6B7FF3-D1DD-4A9D-ABC5-A48CD3AED98C}.Debug|iPhoneSimulator.ActiveCfg = Debug|iPhoneSimulator
		{8F6B7FF3-D1DD-4A9D-ABC5-A48CD3AED98C}.Debug|iPhoneSimulator.Build.0 = Debug|iPhoneSimulator
		{8F6B7FF3-D1DD-4A9D-ABC5-A48CD3AED98C}.Release|iPhoneSimulator.ActiveCfg = Release|iPhoneSimulator
		{8F6B7FF3-D1DD-4A9D-ABC5-A48CD3AED98C}.Release|iPhoneSimulator.Build.0 = Release|iPhoneSimulator
		{8F6B7FF3-D1DD-4A9D-ABC5-A48CD3AED98C}.Debug|iPhone.ActiveCfg = Debug|iPhone
		{8F6B7FF3-D1DD-4A9D-ABC5-A48CD3AED98C}.Debug|iPhone.Build.0 = Debug|iPhone
		{8F6B7FF3-D1DD-4A9D-ABC5-A48CD3AED98C}.Release|iPhone.ActiveCfg = Release|iPhone
		{8F6B7FF3-D1DD-4A9D-ABC5-A48CD3AED98C}.Release|iPhone.Build.0 = Release|iPhone
		{8F6B7FF3-D1DD-4A9D-ABC5-A48CD3AED98C}.Ad-Hoc|iPhone.ActiveCfg = Ad-Hoc|iPhone
		{8F6B7FF3-D1DD-4A9D-ABC5-A48CD3AED98C}.Ad-Hoc|iPhone.Build.0 = Ad-Hoc|iPhone
		{8F6B7FF3-D1DD-4A9D-ABC5-A48CD3AED98C}.AppStore|iPhone.ActiveCfg = AppStore|iPhone
		{8F6B7FF3-D1DD-4A9D-ABC5-A48CD3AED98C}.AppStore|iPhone.Build.0 = AppStore|iPhone
		{104852E5-AEB9-47D0-8E8A-389FF27C15CD}.Debug|Any CPU.ActiveCfg = Debug|Any CPU
		{104852E5-AEB9-47D0-8E8A-389FF27C15CD}.Debug|Any CPU.Build.0 = Debug|Any CPU
		{104852E5-AEB9-47D0-8E8A-389FF27C15CD}.Release|Any CPU.ActiveCfg = Release|Any CPU
		{104852E5-AEB9-47D0-8E8A-389FF27C15CD}.Release|Any CPU.Build.0 = Release|Any CPU
		{104852E5-AEB9-47D0-8E8A-389FF27C15CD}.Debug|iPhoneSimulator.ActiveCfg = Debug|Any CPU
		{104852E5-AEB9-47D0-8E8A-389FF27C15CD}.Debug|iPhoneSimulator.Build.0 = Debug|Any CPU
		{104852E5-AEB9-47D0-8E8A-389FF27C15CD}.Release|iPhoneSimulator.ActiveCfg = Release|Any CPU
		{104852E5-AEB9-47D0-8E8A-389FF27C15CD}.Release|iPhoneSimulator.Build.0 = Release|Any CPU
		{104852E5-AEB9-47D0-8E8A-389FF27C15CD}.Debug|iPhone.ActiveCfg = Debug|Any CPU
		{104852E5-AEB9-47D0-8E8A-389FF27C15CD}.Debug|iPhone.Build.0 = Debug|Any CPU
		{104852E5-AEB9-47D0-8E8A-389FF27C15CD}.Release|iPhone.ActiveCfg = Release|Any CPU
		{104852E5-AEB9-47D0-8E8A-389FF27C15CD}.Release|iPhone.Build.0 = Release|Any CPU
		{104852E5-AEB9-47D0-8E8A-389FF27C15CD}.Ad-Hoc|iPhone.ActiveCfg = Debug|Any CPU
		{104852E5-AEB9-47D0-8E8A-389FF27C15CD}.Ad-Hoc|iPhone.Build.0 = Debug|Any CPU
		{104852E5-AEB9-47D0-8E8A-389FF27C15CD}.AppStore|iPhone.ActiveCfg = Debug|Any CPU
		{104852E5-AEB9-47D0-8E8A-389FF27C15CD}.AppStore|iPhone.Build.0 = Debug|Any CPU
	EndGlobalSection
	GlobalSection(SolutionProperties) = preSolution
		HideSolutionNode = FALSE
	EndGlobalSection
	GlobalSection(ExtensibilityGlobals) = postSolution
		SolutionGuid = {C4A64B0B-F8C8-424C-B553-E34B9F35D1C8}
	EndGlobalSection
	GlobalSection(NestedProjects) = preSolution
		{0B9A9778-4629-4FB7-BA1D-AC24AA5E5811} = {AD86A1C7-D97E-4C44-ACC2-656E7648113F}
		{E71F3053-056C-4381-9638-048ED73BDFF6} = {AD86A1C7-D97E-4C44-ACC2-656E7648113F}
		{CC63C6E3-ED1D-4898-AA65-59D25E8D2F88} = {AD86A1C7-D97E-4C44-ACC2-656E7648113F}
		{BD4F1B28-E9EA-4990-BF44-DC3905E9C9E9} = {F4269D39-C8CD-4865-868D-4A8115F280F4}
		{8F6B7FF3-D1DD-4A9D-ABC5-A48CD3AED98C} = {F4269D39-C8CD-4865-868D-4A8115F280F4}
		{104852E5-AEB9-47D0-8E8A-389FF27C15CD} = {F4269D39-C8CD-4865-868D-4A8115F280F4}
	EndGlobalSection
EndGlobal
